
Microsoft Visual Studio Solution File, Format Version 12.00
# Visual Studio Version 16
VisualStudioVersion = 16.0.30204.135
MinimumVisualStudioVersion = 10.0.40219.1
Project("{9A19103F-16F7-4668-BE54-9A1E7A4F7556}") = "Domain", "Endpoints\Domain\Domain.csproj", "{6F5277E1-737F-4EC5-BC81-57A5AD3ADF57}"
EndProject
Project("{2150E333-8FDC-42A3-9474-1A3956D46DE8}") = "Contexts", "Contexts", "{1565D63A-3240-4E43-BEE8-174125E3B5E7}"
EndProject
Project("{2150E333-8FDC-42A3-9474-1A3956D46DE8}") = "Endpoints", "Endpoints", "{C5D6DF37-F284-4DE1-8828-3CEB590294BE}"
EndProject
Project("{9A19103F-16F7-4668-BE54-9A1E7A4F7556}") = "Presentation", "Endpoints\Presentation\Presentation.csproj", "{82D5BEA7-DD83-415A-B595-5AE16431CE2B}"
EndProject
Project("{9A19103F-16F7-4668-BE54-9A1E7A4F7556}") = "SqlServer", "Endpoints\SqlServer\SqlServer.csproj", "{DC220666-761D-4843-B19B-277DC3FA78BA}"
EndProject
Project("{9A19103F-16F7-4668-BE54-9A1E7A4F7556}") = "Elastic", "Endpoints\Elastic\Elastic.csproj", "{40FF2E51-6FE8-4DCA-8058-6407D2B05C34}"
EndProject
Project("{2150E333-8FDC-42A3-9474-1A3956D46DE8}") = "Customers", "Customers", "{9B33468B-0F95-4E67-91CD-8501FBE4EFFA}"
EndProject
Project("{2150E333-8FDC-42A3-9474-1A3956D46DE8}") = "Domain", "Domain", "{A5F77538-721E-4A57-928A-911FBC529029}"
EndProject
Project("{2150E333-8FDC-42A3-9474-1A3956D46DE8}") = "Presentation", "Presentation", "{E413C068-A139-472F-BA52-0DD448068203}"
EndProject
Project("{9A19103F-16F7-4668-BE54-9A1E7A4F7556}") = "Customers.Domain.Language", "Contexts\Customers\Domain\Language\Customers.Domain.Language.csproj", "{1B96F9C8-B23E-4199-A356-1E99C0857740}"
EndProject
Project("{9A19103F-16F7-4668-BE54-9A1E7A4F7556}") = "Customers.Domain.Handler", "Contexts\Customers\Domain\Handlers\Customers.Domain.Handler.csproj", "{413D0192-3E4C-4506-8E5F-72F3D26968BA}"
EndProject
Project("{9A19103F-16F7-4668-BE54-9A1E7A4F7556}") = "Customer.Presentation", "Contexts\Customers\Presentation\Customer.Presentation.csproj", "{347FDFD1-46B2-4705-B73F-A56D36884443}"
EndProject
Project("{9A19103F-16F7-4668-BE54-9A1E7A4F7556}") = "SeedWork", "SeedWork\SeedWork.csproj", "{BFC43EEB-B950-4CB3-A1EB-51DA7DA51B25}"
EndProject
Project("{2150E333-8FDC-42A3-9474-1A3956D46DE8}") = "Write", "Write", "{EB89A914-81E9-46E4-B838-EF70B4948409}"
EndProject
Project("{9A19103F-16F7-4668-BE54-9A1E7A4F7556}") = "Customers.Write", "Contexts\Customers\Write\Customers.Write.csproj", "{FE2AE687-BA12-41FB-8DD1-04DE7EC94574}"
EndProject
Project("{2150E333-8FDC-42A3-9474-1A3956D46DE8}") = "Accounting", "Accounting", "{05BA1E64-52FD-4B97-B415-6B8173C16A9F}"
EndProject
Project("{2150E333-8FDC-42A3-9474-1A3956D46DE8}") = "Domain", "Domain", "{58C292E2-FF11-4298-8DE0-EA142820A6ED}"
EndProject
Project("{2150E333-8FDC-42A3-9474-1A3956D46DE8}") = "Presentation", "Presentation", "{B6A8524E-CFD0-4276-A0AB-6B33C2403140}"
EndProject
Project("{2150E333-8FDC-42A3-9474-1A3956D46DE8}") = "Write", "Write", "{71538982-A4BE-4E53-8245-B47F8D40E381}"
EndProject
Project("{9A19103F-16F7-4668-BE54-9A1E7A4F7556}") = "Accounting.Domain.Handler", "Contexts\Accounting\Domain\Handlers\Accounting.Domain.Handler.csproj", "{A4E3E23F-7B08-4652-968C-EE7A452E1B23}"
EndProject
Project("{9A19103F-16F7-4668-BE54-9A1E7A4F7556}") = "Accounting.Doman.Language", "Contexts\Accounting\Domain\Language\Accounting.Doman.Language.csproj", "{40F401AA-6989-4EC2-8C41-AE172144FDE9}"
EndProject
Project("{9A19103F-16F7-4668-BE54-9A1E7A4F7556}") = "Accounting.Presentation", "Contexts\Accounting\Presentation\Accounting.Presentation.csproj", "{4F78BA79-0869-49B1-8255-829B8B435A31}"
EndProject
Project("{9A19103F-16F7-4668-BE54-9A1E7A4F7556}") = "Accounting.Write", "Contexts\Accounting\Write\Accounting.Write.csproj", "{7BAC26FA-E023-4853-85B5-BE06E24DB0F1}"
EndProject
Global
	GlobalSection(SolutionConfigurationPlatforms) = preSolution
		Debug|Any CPU = Debug|Any CPU
		Release|Any CPU = Release|Any CPU
	EndGlobalSection
	GlobalSection(ProjectConfigurationPlatforms) = postSolution
		{6F5277E1-737F-4EC5-BC81-57A5AD3ADF57}.Debug|Any CPU.ActiveCfg = Debug|Any CPU
		{6F5277E1-737F-4EC5-BC81-57A5AD3ADF57}.Debug|Any CPU.Build.0 = Debug|Any CPU
		{6F5277E1-737F-4EC5-BC81-57A5AD3ADF57}.Release|Any CPU.ActiveCfg = Release|Any CPU
		{6F5277E1-737F-4EC5-BC81-57A5AD3ADF57}.Release|Any CPU.Build.0 = Release|Any CPU
		{82D5BEA7-DD83-415A-B595-5AE16431CE2B}.Debug|Any CPU.ActiveCfg = Debug|Any CPU
		{82D5BEA7-DD83-415A-B595-5AE16431CE2B}.Debug|Any CPU.Build.0 = Debug|Any CPU
		{82D5BEA7-DD83-415A-B595-5AE16431CE2B}.Release|Any CPU.ActiveCfg = Release|Any CPU
		{82D5BEA7-DD83-415A-B595-5AE16431CE2B}.Release|Any CPU.Build.0 = Release|Any CPU
		{DC220666-761D-4843-B19B-277DC3FA78BA}.Debug|Any CPU.ActiveCfg = Debug|Any CPU
		{DC220666-761D-4843-B19B-277DC3FA78BA}.Debug|Any CPU.Build.0 = Debug|Any CPU
		{DC220666-761D-4843-B19B-277DC3FA78BA}.Release|Any CPU.ActiveCfg = Release|Any CPU
		{DC220666-761D-4843-B19B-277DC3FA78BA}.Release|Any CPU.Build.0 = Release|Any CPU
		{40FF2E51-6FE8-4DCA-8058-6407D2B05C34}.Debug|Any CPU.ActiveCfg = Debug|Any CPU
		{40FF2E51-6FE8-4DCA-8058-6407D2B05C34}.Debug|Any CPU.Build.0 = Debug|Any CPU
		{40FF2E51-6FE8-4DCA-8058-6407D2B05C34}.Release|Any CPU.ActiveCfg = Release|Any CPU
		{40FF2E51-6FE8-4DCA-8058-6407D2B05C34}.Release|Any CPU.Build.0 = Release|Any CPU
		{1B96F9C8-B23E-4199-A356-1E99C0857740}.Debug|Any CPU.ActiveCfg = Debug|Any CPU
		{1B96F9C8-B23E-4199-A356-1E99C0857740}.Debug|Any CPU.Build.0 = Debug|Any CPU
		{1B96F9C8-B23E-4199-A356-1E99C0857740}.Release|Any CPU.ActiveCfg = Release|Any CPU
		{1B96F9C8-B23E-4199-A356-1E99C0857740}.Release|Any CPU.Build.0 = Release|Any CPU
		{413D0192-3E4C-4506-8E5F-72F3D26968BA}.Debug|Any CPU.ActiveCfg = Debug|Any CPU
		{413D0192-3E4C-4506-8E5F-72F3D26968BA}.Debug|Any CPU.Build.0 = Debug|Any CPU
		{413D0192-3E4C-4506-8E5F-72F3D26968BA}.Release|Any CPU.ActiveCfg = Release|Any CPU
		{413D0192-3E4C-4506-8E5F-72F3D26968BA}.Release|Any CPU.Build.0 = Release|Any CPU
		{347FDFD1-46B2-4705-B73F-A56D36884443}.Debug|Any CPU.ActiveCfg = Debug|Any CPU
		{347FDFD1-46B2-4705-B73F-A56D36884443}.Debug|Any CPU.Build.0 = Debug|Any CPU
		{347FDFD1-46B2-4705-B73F-A56D36884443}.Release|Any CPU.ActiveCfg = Release|Any CPU
		{347FDFD1-46B2-4705-B73F-A56D36884443}.Release|Any CPU.Build.0 = Release|Any CPU
		{BFC43EEB-B950-4CB3-A1EB-51DA7DA51B25}.Debug|Any CPU.ActiveCfg = Debug|Any CPU
		{BFC43EEB-B950-4CB3-A1EB-51DA7DA51B25}.Debug|Any CPU.Build.0 = Debug|Any CPU
		{BFC43EEB-B950-4CB3-A1EB-51DA7DA51B25}.Release|Any CPU.ActiveCfg = Release|Any CPU
		{BFC43EEB-B950-4CB3-A1EB-51DA7DA51B25}.Release|Any CPU.Build.0 = Release|Any CPU
		{FE2AE687-BA12-41FB-8DD1-04DE7EC94574}.Debug|Any CPU.ActiveCfg = Debug|Any CPU
		{FE2AE687-BA12-41FB-8DD1-04DE7EC94574}.Debug|Any CPU.Build.0 = Debug|Any CPU
		{FE2AE687-BA12-41FB-8DD1-04DE7EC94574}.Release|Any CPU.ActiveCfg = Release|Any CPU
		{FE2AE687-BA12-41FB-8DD1-04DE7EC94574}.Release|Any CPU.Build.0 = Release|Any CPU
		{A4E3E23F-7B08-4652-968C-EE7A452E1B23}.Debug|Any CPU.ActiveCfg = Debug|Any CPU
		{A4E3E23F-7B08-4652-968C-EE7A452E1B23}.Debug|Any CPU.Build.0 = Debug|Any CPU
		{A4E3E23F-7B08-4652-968C-EE7A452E1B23}.Release|Any CPU.ActiveCfg = Release|Any CPU
		{A4E3E23F-7B08-4652-968C-EE7A452E1B23}.Release|Any CPU.Build.0 = Release|Any CPU
		{40F401AA-6989-4EC2-8C41-AE172144FDE9}.Debug|Any CPU.ActiveCfg = Debug|Any CPU
		{40F401AA-6989-4EC2-8C41-AE172144FDE9}.Debug|Any CPU.Build.0 = Debug|Any CPU
		{40F401AA-6989-4EC2-8C41-AE172144FDE9}.Release|Any CPU.ActiveCfg = Release|Any CPU
		{40F401AA-6989-4EC2-8C41-AE172144FDE9}.Release|Any CPU.Build.0 = Release|Any CPU
		{4F78BA79-0869-49B1-8255-829B8B435A31}.Debug|Any CPU.ActiveCfg = Debug|Any CPU
		{4F78BA79-0869-49B1-8255-829B8B435A31}.Debug|Any CPU.Build.0 = Debug|Any CPU
		{4F78BA79-0869-49B1-8255-829B8B435A31}.Release|Any CPU.ActiveCfg = Release|Any CPU
		{4F78BA79-0869-49B1-8255-829B8B435A31}.Release|Any CPU.Build.0 = Release|Any CPU
		{7BAC26FA-E023-4853-85B5-BE06E24DB0F1}.Debug|Any CPU.ActiveCfg = Debug|Any CPU
		{7BAC26FA-E023-4853-85B5-BE06E24DB0F1}.Debug|Any CPU.Build.0 = Debug|Any CPU
		{7BAC26FA-E023-4853-85B5-BE06E24DB0F1}.Release|Any CPU.ActiveCfg = Release|Any CPU
		{7BAC26FA-E023-4853-85B5-BE06E24DB0F1}.Release|Any CPU.Build.0 = Release|Any CPU
	EndGlobalSection
	GlobalSection(SolutionProperties) = preSolution
		HideSolutionNode = FALSE
	EndGlobalSection
	GlobalSection(NestedProjects) = preSolution
		{6F5277E1-737F-4EC5-BC81-57A5AD3ADF57} = {C5D6DF37-F284-4DE1-8828-3CEB590294BE}
		{82D5BEA7-DD83-415A-B595-5AE16431CE2B} = {C5D6DF37-F284-4DE1-8828-3CEB590294BE}
		{DC220666-761D-4843-B19B-277DC3FA78BA} = {C5D6DF37-F284-4DE1-8828-3CEB590294BE}
		{40FF2E51-6FE8-4DCA-8058-6407D2B05C34} = {C5D6DF37-F284-4DE1-8828-3CEB590294BE}
		{9B33468B-0F95-4E67-91CD-8501FBE4EFFA} = {1565D63A-3240-4E43-BEE8-174125E3B5E7}
		{A5F77538-721E-4A57-928A-911FBC529029} = {9B33468B-0F95-4E67-91CD-8501FBE4EFFA}
		{E413C068-A139-472F-BA52-0DD448068203} = {9B33468B-0F95-4E67-91CD-8501FBE4EFFA}
		{1B96F9C8-B23E-4199-A356-1E99C0857740} = {A5F77538-721E-4A57-928A-911FBC529029}
		{413D0192-3E4C-4506-8E5F-72F3D26968BA} = {A5F77538-721E-4A57-928A-911FBC529029}
		{347FDFD1-46B2-4705-B73F-A56D36884443} = {E413C068-A139-472F-BA52-0DD448068203}
		{EB89A914-81E9-46E4-B838-EF70B4948409} = {9B33468B-0F95-4E67-91CD-8501FBE4EFFA}
		{FE2AE687-BA12-41FB-8DD1-04DE7EC94574} = {EB89A914-81E9-46E4-B838-EF70B4948409}
		{05BA1E64-52FD-4B97-B415-6B8173C16A9F} = {1565D63A-3240-4E43-BEE8-174125E3B5E7}
		{58C292E2-FF11-4298-8DE0-EA142820A6ED} = {05BA1E64-52FD-4B97-B415-6B8173C16A9F}
		{B6A8524E-CFD0-4276-A0AB-6B33C2403140} = {05BA1E64-52FD-4B97-B415-6B8173C16A9F}
		{71538982-A4BE-4E53-8245-B47F8D40E381} = {05BA1E64-52FD-4B97-B415-6B8173C16A9F}
		{A4E3E23F-7B08-4652-968C-EE7A452E1B23} = {58C292E2-FF11-4298-8DE0-EA142820A6ED}
		{40F401AA-6989-4EC2-8C41-AE172144FDE9} = {58C292E2-FF11-4298-8DE0-EA142820A6ED}
		{4F78BA79-0869-49B1-8255-829B8B435A31} = {B6A8524E-CFD0-4276-A0AB-6B33C2403140}
		{7BAC26FA-E023-4853-85B5-BE06E24DB0F1} = {71538982-A4BE-4E53-8245-B47F8D40E381}
	EndGlobalSection
	GlobalSection(ExtensibilityGlobals) = postSolution
		SolutionGuid = {E99917B8-2CED-4AC2-8E60-833DE832F04C}
	EndGlobalSection
EndGlobal
